// !$*UTF8*$!
{
	archiveVersion = 1;
	classes = {
	};
	objectVersion = 50;
	objects = {

/* Begin PBXBuildFile section */
		C2660CDC2387CB5600F6B3FE /* AppDelegate.swift in Sources */ = {isa = PBXBuildFile; fileRef = C2660CDB2387CB5600F6B3FE /* AppDelegate.swift */; };
		C2660CDE2387CB5600F6B3FE /* SceneDelegate.swift in Sources */ = {isa = PBXBuildFile; fileRef = C2660CDD2387CB5600F6B3FE /* SceneDelegate.swift */; };
		C2660CE02387CB5600F6B3FE /* ContentView.swift in Sources */ = {isa = PBXBuildFile; fileRef = C2660CDF2387CB5600F6B3FE /* ContentView.swift */; };
		C2660CE22387CB5600F6B3FE /* Assets.xcassets in Resources */ = {isa = PBXBuildFile; fileRef = C2660CE12387CB5600F6B3FE /* Assets.xcassets */; };
		C2660CE52387CB5600F6B3FE /* Preview Assets.xcassets in Resources */ = {isa = PBXBuildFile; fileRef = C2660CE42387CB5600F6B3FE /* Preview Assets.xcassets */; };
		C2660CE82387CB5600F6B3FE /* LaunchScreen.storyboard in Resources */ = {isa = PBXBuildFile; fileRef = C2660CE62387CB5600F6B3FE /* LaunchScreen.storyboard */; };
		C2660CF32387CD9F00F6B3FE /* NetworkManager.swift in Sources */ = {isa = PBXBuildFile; fileRef = C2660CF22387CD9F00F6B3FE /* NetworkManager.swift */; };
		C2660CF52387CEA600F6B3FE /* PostData.swift in Sources */ = {isa = PBXBuildFile; fileRef = C2660CF42387CEA600F6B3FE /* PostData.swift */; };
		C2660CF82387D2C800F6B3FE /* DetailView.swift in Sources */ = {isa = PBXBuildFile; fileRef = C2660CF72387D2C800F6B3FE /* DetailView.swift */; };
		C2660CFA2387D51500F6B3FE /* WebView.swift in Sources */ = {isa = PBXBuildFile; fileRef = C2660CF92387D51500F6B3FE /* WebView.swift */; };
/* End PBXBuildFile section */

/* Begin PBXFileReference section */
		C2660CD82387CB5600F6B3FE /* HackerNews.app */ = {isa = PBXFileReference; explicitFileType = wrapper.application; includeInIndex = 0; path = HackerNews.app; sourceTree = BUILT_PRODUCTS_DIR; };
		C2660CDB2387CB5600F6B3FE /* AppDelegate.swift */ = {isa = PBXFileReference; lastKnownFileType = sourcecode.swift; path = AppDelegate.swift; sourceTree = "<group>"; };
		C2660CDD2387CB5600F6B3FE /* SceneDelegate.swift */ = {isa = PBXFileReference; lastKnownFileType = sourcecode.swift; path = SceneDelegate.swift; sourceTree = "<group>"; };
		C2660CDF2387CB5600F6B3FE /* ContentView.swift */ = {isa = PBXFileReference; lastKnownFileType = sourcecode.swift; path = ContentView.swift; sourceTree = "<group>"; };
		C2660CE12387CB5600F6B3FE /* Assets.xcassets */ = {isa = PBXFileReference; lastKnownFileType = folder.assetcatalog; path = Assets.xcassets; sourceTree = "<group>"; };
		C2660CE42387CB5600F6B3FE /* Preview Assets.xcassets */ = {isa = PBXFileReference; lastKnownFileType = folder.assetcatalog; path = "Preview Assets.xcassets"; sourceTree = "<group>"; };
		C2660CE72387CB5600F6B3FE /* Base */ = {isa = PBXFileReference; lastKnownFileType = file.storyboard; name = Base; path = Base.lproj/LaunchScreen.storyboard; sourceTree = "<group>"; };
		C2660CE92387CB5600F6B3FE /* Info.plist */ = {isa = PBXFileReference; lastKnownFileType = text.plist.xml; path = Info.plist; sourceTree = "<group>"; };
		C2660CF22387CD9F00F6B3FE /* NetworkManager.swift */ = {isa = PBXFileReference; lastKnownFileType = sourcecode.swift; path = NetworkManager.swift; sourceTree = "<group>"; };
		C2660CF42387CEA600F6B3FE /* PostData.swift */ = {isa = PBXFileReference; lastKnownFileType = sourcecode.swift; path = PostData.swift; sourceTree = "<group>"; };
		C2660CF72387D2C800F6B3FE /* DetailView.swift */ = {isa = PBXFileReference; lastKnownFileType = sourcecode.swift; path = DetailView.swift; sourceTree = "<group>"; };
		C2660CF92387D51500F6B3FE /* WebView.swift */ = {isa = PBXFileReference; lastKnownFileType = sourcecode.swift; path = WebView.swift; sourceTree = "<group>"; };
		C2660CFB2387D6AF00F6B3FE /* HackerNews.entitlements */ = {isa = PBXFileReference; lastKnownFileType = text.plist.entitlements; path = HackerNews.entitlements; sourceTree = "<group>"; };
/* End PBXFileReference section */

/* Begin PBXFrameworksBuildPhase section */
		C2660CD52387CB5600F6B3FE /* Frameworks */ = {
			isa = PBXFrameworksBuildPhase;
			buildActionMask = 2147483647;
			files = (
			);
			runOnlyForDeploymentPostprocessing = 0;
		};
/* End PBXFrameworksBuildPhase section */

/* Begin PBXGroup section */
		C2660CCF2387CB5600F6B3FE = {
			isa = PBXGroup;
			children = (
				C2660CDA2387CB5600F6B3FE /* HackerNews */,
				C2660CD92387CB5600F6B3FE /* Products */,
			);
			sourceTree = "<group>";
		};
		C2660CD92387CB5600F6B3FE /* Products */ = {
			isa = PBXGroup;
			children = (
				C2660CD82387CB5600F6B3FE /* HackerNews.app */,
			);
			name = Products;
			sourceTree = "<group>";
		};
		C2660CDA2387CB5600F6B3FE /* HackerNews */ = {
			isa = PBXGroup;
			children = (
				C2660CFB2387D6AF00F6B3FE /* HackerNews.entitlements */,
				C2660CF62387D2B700F6B3FE /* Views */,
				C2660CF12387CD8800F6B3FE /* Models */,
				C2660CDB2387CB5600F6B3FE /* AppDelegate.swift */,
				C2660CDD2387CB5600F6B3FE /* SceneDelegate.swift */,
				C2660CE12387CB5600F6B3FE /* Assets.xcassets */,
				C2660CE62387CB5600F6B3FE /* LaunchScreen.storyboard */,
				C2660CE92387CB5600F6B3FE /* Info.plist */,
				C2660CE32387CB5600F6B3FE /* Preview Content */,
			);
			path = HackerNews;
			sourceTree = "<group>";
		};
		C2660CE32387CB5600F6B3FE /* Preview Content */ = {
			isa = PBXGroup;
			children = (
				C2660CE42387CB5600F6B3FE /* Preview Assets.xcassets */,
			);
			path = "Preview Content";
			sourceTree = "<group>";
		};
		C2660CF12387CD8800F6B3FE /* Models */ = {
			isa = PBXGroup;
			children = (
				C2660CF22387CD9F00F6B3FE /* NetworkManager.swift */,
				C2660CF42387CEA600F6B3FE /* PostData.swift */,
			);
			path = Models;
			sourceTree = "<group>";
		};
		C2660CF62387D2B700F6B3FE /* Views */ = {
			isa = PBXGroup;
			children = (
				C2660CDF2387CB5600F6B3FE /* ContentView.swift */,
				C2660CF72387D2C800F6B3FE /* DetailView.swift */,
				C2660CF92387D51500F6B3FE /* WebView.swift */,
			);
			path = Views;
			sourceTree = "<group>";
		};
/* End PBXGroup section */

/* Begin PBXNativeTarget section */
		C2660CD72387CB5600F6B3FE /* HackerNews */ = {
			isa = PBXNativeTarget;
			buildConfigurationList = C2660CEC2387CB5600F6B3FE /* Build configuration list for PBXNativeTarget "HackerNews" */;
			buildPhases = (
				C2660CD42387CB5600F6B3FE /* Sources */,
				C2660CD52387CB5600F6B3FE /* Frameworks */,
				C2660CD62387CB5600F6B3FE /* Resources */,
			);
			buildRules = (
			);
			dependencies = (
			);
			name = HackerNews;
			productName = HackerNews;
			productReference = C2660CD82387CB5600F6B3FE /* HackerNews.app */;
			productType = "com.apple.product-type.application";
		};
/* End PBXNativeTarget section */

/* Begin PBXProject section */
		C2660CD02387CB5600F6B3FE /* Project object */ = {
			isa = PBXProject;
			attributes = {
				LastSwiftUpdateCheck = 1120;
				LastUpgradeCheck = 1120;
				ORGANIZATIONNAME = "Felix Lin";
				TargetAttributes = {
					C2660CD72387CB5600F6B3FE = {
						CreatedOnToolsVersion = 11.2.1;
					};
				};
			};
			buildConfigurationList = C2660CD32387CB5600F6B3FE /* Build configuration list for PBXProject "HackerNews" */;
			compatibilityVersion = "Xcode 9.3";
			developmentRegion = en;
			hasScannedForEncodings = 0;
			knownRegions = (
				en,
				Base,
			);
			mainGroup = C2660CCF2387CB5600F6B3FE;
			productRefGroup = C2660CD92387CB5600F6B3FE /* Products */;
			projectDirPath = "";
			projectRoot = "";
			targets = (
				C2660CD72387CB5600F6B3FE /* HackerNews */,
			);
		};
/* End PBXProject section */

/* Begin PBXResourcesBuildPhase section */
		C2660CD62387CB5600F6B3FE /* Resources */ = {
			isa = PBXResourcesBuildPhase;
			buildActionMask = 2147483647;
			files = (
				C2660CE82387CB5600F6B3FE /* LaunchScreen.storyboard in Resources */,
				C2660CE52387CB5600F6B3FE /* Preview Assets.xcassets in Resources */,
				C2660CE22387CB5600F6B3FE /* Assets.xcassets in Resources */,
			);
			runOnlyForDeploymentPostprocessing = 0;
		};
/* End PBXResourcesBuildPhase section */

/* Begin PBXSourcesBuildPhase section */
		C2660CD42387CB5600F6B3FE /* Sources */ = {
			isa = PBXSourcesBuildPhase;
			buildActionMask = 2147483647;
			files = (
				C2660CDC2387CB5600F6B3FE /* AppDelegate.swift in Sources */,
				C2660CF82387D2C800F6B3FE /* DetailView.swift in Sources */,
				C2660CF52387CEA600F6B3FE /* PostData.swift in Sources */,
				C2660CDE2387CB5600F6B3FE /* SceneDelegate.swift in Sources */,
				C2660CF32387CD9F00F6B3FE /* NetworkManager.swift in Sources */,
				C2660CE02387CB5600F6B3FE /* ContentView.swift in Sources */,
				C2660CFA2387D51500F6B3FE /* WebView.swift in Sources */,
			);
			runOnlyForDeploymentPostprocessing = 0;
		};
/* End PBXSourcesBuildPhase section */

/* Begin PBXVariantGroup section */
		C2660CE62387CB5600F6B3FE /* LaunchScreen.storyboard */ = {
			isa = PBXVariantGroup;
			children = (
				C2660CE72387CB5600F6B3FE /* Base */,
			);
			name = LaunchScreen.storyboard;
			sourceTree = "<group>";
		};
/* End PBXVariantGroup section */

/* Begin XCBuildConfiguration section */
		C2660CEA2387CB5600F6B3FE /* Debug */ = {
			isa = XCBuildConfiguration;
			buildSettings = {
				ALWAYS_SEARCH_USER_PATHS = NO;
				CLANG_ANALYZER_NONNULL = YES;
				CLANG_ANALYZER_NUMBER_OBJECT_CONVERSION = YES_AGGRESSIVE;
				CLANG_CXX_LANGUAGE_STANDARD = "gnu++14";
				CLANG_CXX_LIBRARY = "libc++";
				CLANG_ENABLE_MODULES = YES;
				CLANG_ENABLE_OBJC_ARC = YES;
				CLANG_ENABLE_OBJC_WEAK = YES;
				CLANG_WARN_BLOCK_CAPTURE_AUTORELEASING = YES;
				CLANG_WARN_BOOL_CONVERSION = YES;
				CLANG_WARN_COMMA = YES;
				CLANG_WARN_CONSTANT_CONVERSION = YES;
				CLANG_WARN_DEPRECATED_OBJC_IMPLEMENTATIONS = YES;
				CLANG_WARN_DIRECT_OBJC_ISA_USAGE = YES_ERROR;
				CLANG_WARN_DOCUMENTATION_COMMENTS = YES;
				CLANG_WARN_EMPTY_BODY = YES;
				CLANG_WARN_ENUM_CONVERSION = YES;
				CLANG_WARN_INFINITE_RECURSION = YES;
				CLANG_WARN_INT_CONVERSION = YES;
				CLANG_WARN_NON_LITERAL_NULL_CONVERSION = YES;
				CLANG_WARN_OBJC_IMPLICIT_RETAIN_SELF = YES;
				CLANG_WARN_OBJC_LITERAL_CONVERSION = YES;
				CLANG_WARN_OBJC_ROOT_CLASS = YES_ERROR;
				CLANG_WARN_RANGE_LOOP_ANALYSIS = YES;
				CLANG_WARN_STRICT_PROTOTYPES = YES;
				CLANG_WARN_SUSPICIOUS_MOVE = YES;
				CLANG_WARN_UNGUARDED_AVAILABILITY = YES_AGGRESSIVE;
				CLANG_WARN_UNREACHABLE_CODE = YES;
				CLANG_WARN__DUPLICATE_METHOD_MATCH = YES;
				COPY_PHASE_STRIP = NO;
				DEBUG_INFORMATION_FORMAT = dwarf;
				ENABLE_STRICT_OBJC_MSGSEND = YES;
				ENABLE_TESTABILITY = YES;
				GCC_C_LANGUAGE_STANDARD = gnu11;
				GCC_DYNAMIC_NO_PIC = NO;
				GCC_NO_COMMON_BLOCKS = YES;
				GCC_OPTIMIZATION_LEVEL = 0;
				GCC_PREPROCESSOR_DEFINITIONS = (
					"DEBUG=1",
					"$(inherited)",
				);
				GCC_WARN_64_TO_32_BIT_CONVERSION = YES;
				GCC_WARN_ABOUT_RETURN_TYPE = YES_ERROR;
				GCC_WARN_UNDECLARED_SELECTOR = YES;
				GCC_WARN_UNINITIALIZED_AUTOS = YES_AGGRESSIVE;
				GCC_WARN_UNUSED_FUNCTION = YES;
				GCC_WARN_UNUSED_VARIABLE = YES;
				IPHONEOS_DEPLOYMENT_TARGET = 13.2;
				MTL_ENABLE_DEBUG_INFO = INCLUDE_SOURCE;
				MTL_FAST_MATH = YES;
				ONLY_ACTIVE_ARCH = YES;
				SDKROOT = iphoneos;
				SWIFT_ACTIVE_COMPILATION_CONDITIONS = DEBUG;
				SWIFT_OPTIMIZATION_LEVEL = "-Onone";
			};
			name = Debug;
		};
		C2660CEB2387CB5600F6B3FE /* Release */ = {
			isa = XCBuildConfiguration;
			buildSettings = {
				ALWAYS_SEARCH_USER_PATHS = NO;
				CLANG_ANALYZER_NONNULL = YES;
				CLANG_ANALYZER_NUMBER_OBJECT_CONVERSION = YES_AGGRESSIVE;
				CLANG_CXX_LANGUAGE_STANDARD = "gnu++14";
				CLANG_CXX_LIBRARY = "libc++";
				CLANG_ENABLE_MODULES = YES;
				CLANG_ENABLE_OBJC_ARC = YES;
				CLANG_ENABLE_OBJC_WEAK = YES;
				CLANG_WARN_BLOCK_CAPTURE_AUTORELEASING = YES;
				CLANG_WARN_BOOL_CONVERSION = YES;
				CLANG_WARN_COMMA = YES;
				CLANG_WARN_CONSTANT_CONVERSION = YES;
				CLANG_WARN_DEPRECATED_OBJC_IMPLEMENTATIONS = YES;
				CLANG_WARN_DIRECT_OBJC_ISA_USAGE = YES_ERROR;
				CLANG_WARN_DOCUMENTATION_COMMENTS = YES;
				CLANG_WARN_EMPTY_BODY = YES;
				CLANG_WARN_ENUM_CONVERSION = YES;
				CLANG_WARN_INFINITE_RECURSION = YES;
				CLANG_WARN_INT_CONVERSION = YES;
				CLANG_WARN_NON_LITERAL_NULL_CONVERSION = YES;
				CLANG_WARN_OBJC_IMPLICIT_RETAIN_SELF = YES;
				CLANG_WARN_OBJC_LITERAL_CONVERSION = YES;
				CLANG_WARN_OBJC_ROOT_CLASS = YES_ERROR;
				CLANG_WARN_RANGE_LOOP_ANALYSIS = YES;
				CLANG_WARN_STRICT_PROTOTYPES = YES;
				CLANG_WARN_SUSPICIOUS_MOVE = YES;
				CLANG_WARN_UNGUARDED_AVAILABILITY = YES_AGGRESSIVE;
				CLANG_WARN_UNREACHABLE_CODE = YES;
				CLANG_WARN__DUPLICATE_METHOD_MATCH = YES;
				COPY_PHASE_STRIP = NO;
				DEBUG_INFORMATION_FORMAT = "dwarf-with-dsym";
				ENABLE_NS_ASSERTIONS = NO;
				ENABLE_STRICT_OBJC_MSGSEND = YES;
				GCC_C_LANGUAGE_STANDARD = gnu11;
				GCC_NO_COMMON_BLOCKS = YES;
				GCC_WARN_64_TO_32_BIT_CONVERSION = YES;
				GCC_WARN_ABOUT_RETURN_TYPE = YES_ERROR;
				GCC_WARN_UNDECLARED_SELECTOR = YES;
				GCC_WARN_UNINITIALIZED_AUTOS = YES_AGGRESSIVE;
				GCC_WARN_UNUSED_FUNCTION = YES;
				GCC_WARN_UNUSED_VARIABLE = YES;
				IPHONEOS_DEPLOYMENT_TARGET = 13.2;
				MTL_ENABLE_DEBUG_INFO = NO;
				MTL_FAST_MATH = YES;
				SDKROOT = iphoneos;
				SWIFT_COMPILATION_MODE = wholemodule;
				SWIFT_OPTIMIZATION_LEVEL = "-O";
				VALIDATE_PRODUCT = YES;
			};
			name = Release;
		};
		C2660CED2387CB5600F6B3FE /* Debug */ = {
			isa = XCBuildConfiguration;
			buildSettings = {
				ASSETCATALOG_COMPILER_APPICON_NAME = AppIcon;
				CODE_SIGN_ENTITLEMENTS = HackerNews/HackerNews.entitlements;
				CODE_SIGN_STYLE = Automatic;
				DERIVE_MACCATALYST_PRODUCT_BUNDLE_IDENTIFIER = YES;
				DEVELOPMENT_ASSET_PATHS = "\"HackerNews/Preview Content\"";
				DEVELOPMENT_TEAM = MVGPSPVTNC;
				ENABLE_PREVIEWS = YES;
				INFOPLIST_FILE = HackerNews/Info.plist;
				LD_RUNPATH_SEARCH_PATHS = (
					"$(inherited)",
					"@executable_path/Frameworks",
				);
				PRODUCT_BUNDLE_IDENTIFIER = com.felix.HackerNews;
				PRODUCT_NAME = "$(TARGET_NAME)";
				SUPPORTS_MACCATALYST = YES;
				SWIFT_VERSION = 5.0;
				TARGETED_DEVICE_FAMILY = "1,2";
			};
			name = Debug;
		};
		C2660CEE2387CB5600F6B3FE /* Release */ = {
			isa = XCBuildConfiguration;
			buildSettings = {
				ASSETCATALOG_COMPILER_APPICON_NAME = AppIcon;
				CODE_SIGN_ENTITLEMENTS = HackerNews/HackerNews.entitlements;
				CODE_SIGN_STYLE = Automatic;
				DERIVE_MACCATALYST_PRODUCT_BUNDLE_IDENTIFIER = YES;
				DEVELOPMENT_ASSET_PATHS = "\"HackerNews/Preview Content\"";
				DEVELOPMENT_TEAM = MVGPSPVTNC;
				ENABLE_PREVIEWS = YES;
				INFOPLIST_FILE = HackerNews/Info.plist;
				LD_RUNPATH_SEARCH_PATHS = (
					"$(inherited)",
					"@executable_path/Frameworks",
				);
				PRODUCT_BUNDLE_IDENTIFIER = com.felix.HackerNews;
				PRODUCT_NAME = "$(TARGET_NAME)";
				SUPPORTS_MACCATALYST = YES;
				SWIFT_VERSION = 5.0;
				TARGETED_DEVICE_FAMILY = "1,2";
			};
			name = Release;
		};
/* End XCBuildConfiguration section */

/* Begin XCConfigurationList section */
		C2660CD32387CB5600F6B3FE /* Build configuration list for PBXProject "HackerNews" */ = {
			isa = XCConfigurationList;
			buildConfigurations = (
				C2660CEA2387CB5600F6B3FE /* Debug */,
				C2660CEB2387CB5600F6B3FE /* Release */,
			);
			defaultConfigurationIsVisible = 0;
			defaultConfigurationName = Release;
		};
		C2660CEC2387CB5600F6B3FE /* Build configuration list for PBXNativeTarget "HackerNews" */ = {
			isa = XCConfigurationList;
			buildConfigurations = (
				C2660CED2387CB5600F6B3FE /* Debug */,
				C2660CEE2387CB5600F6B3FE /* Release */,
			);
			defaultConfigurationIsVisible = 0;
			defaultConfigurationName = Release;
		};
/* End XCConfigurationList section */
	};
	rootObject = C2660CD02387CB5600F6B3FE /* Project object */;
}
