// !$*UTF8*$!
{
	archiveVersion = 1;
	classes = {
	};
	objectVersion = 50;
	objects = {

/* Begin PBXBuildFile section */
		E5786E892395EB7000672590 /* AppDelegate.swift in Sources */ = {isa = PBXBuildFile; fileRef = E5786E882395EB7000672590 /* AppDelegate.swift */; };
		E5786E8B2395EB7000672590 /* SceneDelegate.swift in Sources */ = {isa = PBXBuildFile; fileRef = E5786E8A2395EB7000672590 /* SceneDelegate.swift */; };
		E5786E8D2395EB7000672590 /* ViewController.swift in Sources */ = {isa = PBXBuildFile; fileRef = E5786E8C2395EB7000672590 /* ViewController.swift */; };
		E5786E902395EB7000672590 /* Main.storyboard in Resources */ = {isa = PBXBuildFile; fileRef = E5786E8E2395EB7000672590 /* Main.storyboard */; };
		E5786E922395EB7100672590 /* Assets.xcassets in Resources */ = {isa = PBXBuildFile; fileRef = E5786E912395EB7100672590 /* Assets.xcassets */; };
		E5786E952395EB7100672590 /* LaunchScreen.storyboard in Resources */ = {isa = PBXBuildFile; fileRef = E5786E932395EB7100672590 /* LaunchScreen.storyboard */; };
		E5786E9D2395EC0700672590 /* MemoryItem.swift in Sources */ = {isa = PBXBuildFile; fileRef = E5786E9C2395EC0700672590 /* MemoryItem.swift */; };
		E5786E9F2395EC6400672590 /* MemoryItems.json in Resources */ = {isa = PBXBuildFile; fileRef = E5786E9E2395EC6400672590 /* MemoryItems.json */; };
		E5786EA12395EE3700672590 /* MemoryViewController.swift in Sources */ = {isa = PBXBuildFile; fileRef = E5786EA02395EE3700672590 /* MemoryViewController.swift */; };
		E5786EA32396397C00672590 /* MemoryDataSource.swift in Sources */ = {isa = PBXBuildFile; fileRef = E5786EA22396397C00672590 /* MemoryDataSource.swift */; };
/* End PBXBuildFile section */

/* Begin PBXFileReference section */
		E5786E852395EB7000672590 /* Memorize.app */ = {isa = PBXFileReference; explicitFileType = wrapper.application; includeInIndex = 0; path = Memorize.app; sourceTree = BUILT_PRODUCTS_DIR; };
		E5786E882395EB7000672590 /* AppDelegate.swift */ = {isa = PBXFileReference; lastKnownFileType = sourcecode.swift; path = AppDelegate.swift; sourceTree = "<group>"; };
		E5786E8A2395EB7000672590 /* SceneDelegate.swift */ = {isa = PBXFileReference; lastKnownFileType = sourcecode.swift; path = SceneDelegate.swift; sourceTree = "<group>"; };
		E5786E8C2395EB7000672590 /* ViewController.swift */ = {isa = PBXFileReference; lastKnownFileType = sourcecode.swift; path = ViewController.swift; sourceTree = "<group>"; };
		E5786E8F2395EB7000672590 /* Base */ = {isa = PBXFileReference; lastKnownFileType = file.storyboard; name = Base; path = Base.lproj/Main.storyboard; sourceTree = "<group>"; };
		E5786E912395EB7100672590 /* Assets.xcassets */ = {isa = PBXFileReference; lastKnownFileType = folder.assetcatalog; path = Assets.xcassets; sourceTree = "<group>"; };
		E5786E942395EB7100672590 /* Base */ = {isa = PBXFileReference; lastKnownFileType = file.storyboard; name = Base; path = Base.lproj/LaunchScreen.storyboard; sourceTree = "<group>"; };
		E5786E962395EB7100672590 /* Info.plist */ = {isa = PBXFileReference; lastKnownFileType = text.plist.xml; path = Info.plist; sourceTree = "<group>"; };
		E5786E9C2395EC0700672590 /* MemoryItem.swift */ = {isa = PBXFileReference; lastKnownFileType = sourcecode.swift; path = MemoryItem.swift; sourceTree = "<group>"; };
		E5786E9E2395EC6400672590 /* MemoryItems.json */ = {isa = PBXFileReference; fileEncoding = 4; lastKnownFileType = text.json; path = MemoryItems.json; sourceTree = "<group>"; };
		E5786EA02395EE3700672590 /* MemoryViewController.swift */ = {isa = PBXFileReference; lastKnownFileType = sourcecode.swift; path = MemoryViewController.swift; sourceTree = "<group>"; };
		E5786EA22396397C00672590 /* MemoryDataSource.swift */ = {isa = PBXFileReference; lastKnownFileType = sourcecode.swift; path = MemoryDataSource.swift; sourceTree = "<group>"; };
/* End PBXFileReference section */

/* Begin PBXFrameworksBuildPhase section */
		E5786E822395EB7000672590 /* Frameworks */ = {
			isa = PBXFrameworksBuildPhase;
			buildActionMask = 2147483647;
			files = (
			);
			runOnlyForDeploymentPostprocessing = 0;
		};
/* End PBXFrameworksBuildPhase section */

/* Begin PBXGroup section */
		E5786E7C2395EB7000672590 = {
			isa = PBXGroup;
			children = (
				E5786E872395EB7000672590 /* Memorize */,
				E5786E862395EB7000672590 /* Products */,
			);
			sourceTree = "<group>";
		};
		E5786E862395EB7000672590 /* Products */ = {
			isa = PBXGroup;
			children = (
				E5786E852395EB7000672590 /* Memorize.app */,
			);
			name = Products;
			sourceTree = "<group>";
		};
		E5786E872395EB7000672590 /* Memorize */ = {
			isa = PBXGroup;
			children = (
				E5786E882395EB7000672590 /* AppDelegate.swift */,
				E5786E8A2395EB7000672590 /* SceneDelegate.swift */,
				E5786E8C2395EB7000672590 /* ViewController.swift */,
				E5786EA22396397C00672590 /* MemoryDataSource.swift */,
				E5786EA02395EE3700672590 /* MemoryViewController.swift */,
				E5786E9C2395EC0700672590 /* MemoryItem.swift */,
				E5786E8E2395EB7000672590 /* Main.storyboard */,
				E5786E912395EB7100672590 /* Assets.xcassets */,
				E5786E932395EB7100672590 /* LaunchScreen.storyboard */,
				E5786E962395EB7100672590 /* Info.plist */,
				E5786E9E2395EC6400672590 /* MemoryItems.json */,
			);
			path = Memorize;
			sourceTree = "<group>";
		};
/* End PBXGroup section */

/* Begin PBXNativeTarget section */
		E5786E842395EB7000672590 /* Memorize */ = {
			isa = PBXNativeTarget;
			buildConfigurationList = E5786E992395EB7100672590 /* Build configuration list for PBXNativeTarget "Memorize" */;
			buildPhases = (
				E5786E812395EB7000672590 /* Sources */,
				E5786E822395EB7000672590 /* Frameworks */,
				E5786E832395EB7000672590 /* Resources */,
			);
			buildRules = (
			);
			dependencies = (
			);
			name = Memorize;
			productName = Memorize;
			productReference = E5786E852395EB7000672590 /* Memorize.app */;
			productType = "com.apple.product-type.application";
		};
/* End PBXNativeTarget section */

/* Begin PBXProject section */
		E5786E7D2395EB7000672590 /* Project object */ = {
			isa = PBXProject;
			attributes = {
				LastSwiftUpdateCheck = 1120;
				LastUpgradeCheck = 1120;
				ORGANIZATIONNAME = "Felix Lin";
				TargetAttributes = {
					E5786E842395EB7000672590 = {
						CreatedOnToolsVersion = 11.2.1;
					};
				};
			};
			buildConfigurationList = E5786E802395EB7000672590 /* Build configuration list for PBXProject "Memorize" */;
			compatibilityVersion = "Xcode 9.3";
			developmentRegion = en;
			hasScannedForEncodings = 0;
			knownRegions = (
				en,
				Base,
			);
			mainGroup = E5786E7C2395EB7000672590;
			productRefGroup = E5786E862395EB7000672590 /* Products */;
			projectDirPath = "";
			projectRoot = "";
			targets = (
				E5786E842395EB7000672590 /* Memorize */,
			);
		};
/* End PBXProject section */

/* Begin PBXResourcesBuildPhase section */
		E5786E832395EB7000672590 /* Resources */ = {
			isa = PBXResourcesBuildPhase;
			buildActionMask = 2147483647;
			files = (
				E5786E952395EB7100672590 /* LaunchScreen.storyboard in Resources */,
				E5786E922395EB7100672590 /* Assets.xcassets in Resources */,
				E5786E902395EB7000672590 /* Main.storyboard in Resources */,
				E5786E9F2395EC6400672590 /* MemoryItems.json in Resources */,
			);
			runOnlyForDeploymentPostprocessing = 0;
		};
/* End PBXResourcesBuildPhase section */

/* Begin PBXSourcesBuildPhase section */
		E5786E812395EB7000672590 /* Sources */ = {
			isa = PBXSourcesBuildPhase;
			buildActionMask = 2147483647;
			files = (
				E5786E8D2395EB7000672590 /* ViewController.swift in Sources */,
				E5786EA32396397C00672590 /* MemoryDataSource.swift in Sources */,
				E5786E892395EB7000672590 /* AppDelegate.swift in Sources */,
				E5786E8B2395EB7000672590 /* SceneDelegate.swift in Sources */,
				E5786E9D2395EC0700672590 /* MemoryItem.swift in Sources */,
				E5786EA12395EE3700672590 /* MemoryViewController.swift in Sources */,
			);
			runOnlyForDeploymentPostprocessing = 0;
		};
/* End PBXSourcesBuildPhase section */

/* Begin PBXVariantGroup section */
		E5786E8E2395EB7000672590 /* Main.storyboard */ = {
			isa = PBXVariantGroup;
			children = (
				E5786E8F2395EB7000672590 /* Base */,
			);
			name = Main.storyboard;
			sourceTree = "<group>";
		};
		E5786E932395EB7100672590 /* LaunchScreen.storyboard */ = {
			isa = PBXVariantGroup;
			children = (
				E5786E942395EB7100672590 /* Base */,
			);
			name = LaunchScreen.storyboard;
			sourceTree = "<group>";
		};
/* End PBXVariantGroup section */

/* Begin XCBuildConfiguration section */
		E5786E972395EB7100672590 /* Debug */ = {
			isa = XCBuildConfiguration;
			buildSettings = {
				ALWAYS_SEARCH_USER_PATHS = NO;
				CLANG_ANALYZER_NONNULL = YES;
				CLANG_ANALYZER_NUMBER_OBJECT_CONVERSION = YES_AGGRESSIVE;
				CLANG_CXX_LANGUAGE_STANDARD = "gnu++14";
				CLANG_CXX_LIBRARY = "libc++";
				CLANG_ENABLE_MODULES = YES;
				CLANG_ENABLE_OBJC_ARC = YES;
				CLANG_ENABLE_OBJC_WEAK = YES;
				CLANG_WARN_BLOCK_CAPTURE_AUTORELEASING = YES;
				CLANG_WARN_BOOL_CONVERSION = YES;
				CLANG_WARN_COMMA = YES;
				CLANG_WARN_CONSTANT_CONVERSION = YES;
				CLANG_WARN_DEPRECATED_OBJC_IMPLEMENTATIONS = YES;
				CLANG_WARN_DIRECT_OBJC_ISA_USAGE = YES_ERROR;
				CLANG_WARN_DOCUMENTATION_COMMENTS = YES;
				CLANG_WARN_EMPTY_BODY = YES;
				CLANG_WARN_ENUM_CONVERSION = YES;
				CLANG_WARN_INFINITE_RECURSION = YES;
				CLANG_WARN_INT_CONVERSION = YES;
				CLANG_WARN_NON_LITERAL_NULL_CONVERSION = YES;
				CLANG_WARN_OBJC_IMPLICIT_RETAIN_SELF = YES;
				CLANG_WARN_OBJC_LITERAL_CONVERSION = YES;
				CLANG_WARN_OBJC_ROOT_CLASS = YES_ERROR;
				CLANG_WARN_RANGE_LOOP_ANALYSIS = YES;
				CLANG_WARN_STRICT_PROTOTYPES = YES;
				CLANG_WARN_SUSPICIOUS_MOVE = YES;
				CLANG_WARN_UNGUARDED_AVAILABILITY = YES_AGGRESSIVE;
				CLANG_WARN_UNREACHABLE_CODE = YES;
				CLANG_WARN__DUPLICATE_METHOD_MATCH = YES;
				COPY_PHASE_STRIP = NO;
				DEBUG_INFORMATION_FORMAT = dwarf;
				ENABLE_STRICT_OBJC_MSGSEND = YES;
				ENABLE_TESTABILITY = YES;
				GCC_C_LANGUAGE_STANDARD = gnu11;
				GCC_DYNAMIC_NO_PIC = NO;
				GCC_NO_COMMON_BLOCKS = YES;
				GCC_OPTIMIZATION_LEVEL = 0;
				GCC_PREPROCESSOR_DEFINITIONS = (
					"DEBUG=1",
					"$(inherited)",
				);
				GCC_WARN_64_TO_32_BIT_CONVERSION = YES;
				GCC_WARN_ABOUT_RETURN_TYPE = YES_ERROR;
				GCC_WARN_UNDECLARED_SELECTOR = YES;
				GCC_WARN_UNINITIALIZED_AUTOS = YES_AGGRESSIVE;
				GCC_WARN_UNUSED_FUNCTION = YES;
				GCC_WARN_UNUSED_VARIABLE = YES;
				IPHONEOS_DEPLOYMENT_TARGET = 13.2;
				MTL_ENABLE_DEBUG_INFO = INCLUDE_SOURCE;
				MTL_FAST_MATH = YES;
				ONLY_ACTIVE_ARCH = YES;
				SDKROOT = iphoneos;
				SWIFT_ACTIVE_COMPILATION_CONDITIONS = DEBUG;
				SWIFT_OPTIMIZATION_LEVEL = "-Onone";
			};
			name = Debug;
		};
		E5786E982395EB7100672590 /* Release */ = {
			isa = XCBuildConfiguration;
			buildSettings = {
				ALWAYS_SEARCH_USER_PATHS = NO;
				CLANG_ANALYZER_NONNULL = YES;
				CLANG_ANALYZER_NUMBER_OBJECT_CONVERSION = YES_AGGRESSIVE;
				CLANG_CXX_LANGUAGE_STANDARD = "gnu++14";
				CLANG_CXX_LIBRARY = "libc++";
				CLANG_ENABLE_MODULES = YES;
				CLANG_ENABLE_OBJC_ARC = YES;
				CLANG_ENABLE_OBJC_WEAK = YES;
				CLANG_WARN_BLOCK_CAPTURE_AUTORELEASING = YES;
				CLANG_WARN_BOOL_CONVERSION = YES;
				CLANG_WARN_COMMA = YES;
				CLANG_WARN_CONSTANT_CONVERSION = YES;
				CLANG_WARN_DEPRECATED_OBJC_IMPLEMENTATIONS = YES;
				CLANG_WARN_DIRECT_OBJC_ISA_USAGE = YES_ERROR;
				CLANG_WARN_DOCUMENTATION_COMMENTS = YES;
				CLANG_WARN_EMPTY_BODY = YES;
				CLANG_WARN_ENUM_CONVERSION = YES;
				CLANG_WARN_INFINITE_RECURSION = YES;
				CLANG_WARN_INT_CONVERSION = YES;
				CLANG_WARN_NON_LITERAL_NULL_CONVERSION = YES;
				CLANG_WARN_OBJC_IMPLICIT_RETAIN_SELF = YES;
				CLANG_WARN_OBJC_LITERAL_CONVERSION = YES;
				CLANG_WARN_OBJC_ROOT_CLASS = YES_ERROR;
				CLANG_WARN_RANGE_LOOP_ANALYSIS = YES;
				CLANG_WARN_STRICT_PROTOTYPES = YES;
				CLANG_WARN_SUSPICIOUS_MOVE = YES;
				CLANG_WARN_UNGUARDED_AVAILABILITY = YES_AGGRESSIVE;
				CLANG_WARN_UNREACHABLE_CODE = YES;
				CLANG_WARN__DUPLICATE_METHOD_MATCH = YES;
				COPY_PHASE_STRIP = NO;
				DEBUG_INFORMATION_FORMAT = "dwarf-with-dsym";
				ENABLE_NS_ASSERTIONS = NO;
				ENABLE_STRICT_OBJC_MSGSEND = YES;
				GCC_C_LANGUAGE_STANDARD = gnu11;
				GCC_NO_COMMON_BLOCKS = YES;
				GCC_WARN_64_TO_32_BIT_CONVERSION = YES;
				GCC_WARN_ABOUT_RETURN_TYPE = YES_ERROR;
				GCC_WARN_UNDECLARED_SELECTOR = YES;
				GCC_WARN_UNINITIALIZED_AUTOS = YES_AGGRESSIVE;
				GCC_WARN_UNUSED_FUNCTION = YES;
				GCC_WARN_UNUSED_VARIABLE = YES;
				IPHONEOS_DEPLOYMENT_TARGET = 13.2;
				MTL_ENABLE_DEBUG_INFO = NO;
				MTL_FAST_MATH = YES;
				SDKROOT = iphoneos;
				SWIFT_COMPILATION_MODE = wholemodule;
				SWIFT_OPTIMIZATION_LEVEL = "-O";
				VALIDATE_PRODUCT = YES;
			};
			name = Release;
		};
		E5786E9A2395EB7100672590 /* Debug */ = {
			isa = XCBuildConfiguration;
			buildSettings = {
				ASSETCATALOG_COMPILER_APPICON_NAME = AppIcon;
				CODE_SIGN_STYLE = Automatic;
				DEVELOPMENT_TEAM = MVGPSPVTNC;
				INFOPLIST_FILE = Memorize/Info.plist;
				LD_RUNPATH_SEARCH_PATHS = (
					"$(inherited)",
					"@executable_path/Frameworks",
				);
				PRODUCT_BUNDLE_IDENTIFIER = com.felix.Memorize;
				PRODUCT_NAME = "$(TARGET_NAME)";
				SWIFT_VERSION = 5.0;
				TARGETED_DEVICE_FAMILY = "1,2";
			};
			name = Debug;
		};
		E5786E9B2395EB7100672590 /* Release */ = {
			isa = XCBuildConfiguration;
			buildSettings = {
				ASSETCATALOG_COMPILER_APPICON_NAME = AppIcon;
				CODE_SIGN_STYLE = Automatic;
				DEVELOPMENT_TEAM = MVGPSPVTNC;
				INFOPLIST_FILE = Memorize/Info.plist;
				LD_RUNPATH_SEARCH_PATHS = (
					"$(inherited)",
					"@executable_path/Frameworks",
				);
				PRODUCT_BUNDLE_IDENTIFIER = com.felix.Memorize;
				PRODUCT_NAME = "$(TARGET_NAME)";
				SWIFT_VERSION = 5.0;
				TARGETED_DEVICE_FAMILY = "1,2";
			};
			name = Release;
		};
/* End XCBuildConfiguration section */

/* Begin XCConfigurationList section */
		E5786E802395EB7000672590 /* Build configuration list for PBXProject "Memorize" */ = {
			isa = XCConfigurationList;
			buildConfigurations = (
				E5786E972395EB7100672590 /* Debug */,
				E5786E982395EB7100672590 /* Release */,
			);
			defaultConfigurationIsVisible = 0;
			defaultConfigurationName = Release;
		};
		E5786E992395EB7100672590 /* Build configuration list for PBXNativeTarget "Memorize" */ = {
			isa = XCConfigurationList;
			buildConfigurations = (
				E5786E9A2395EB7100672590 /* Debug */,
				E5786E9B2395EB7100672590 /* Release */,
			);
			defaultConfigurationIsVisible = 0;
			defaultConfigurationName = Release;
		};
/* End XCConfigurationList section */
	};
	rootObject = E5786E7D2395EB7000672590 /* Project object */;
}
