// !$*UTF8*$!
{
	archiveVersion = 1;
	classes = {
	};
	objectVersion = 50;
	objects = {

/* Begin PBXBuildFile section */
		A0705D61235BCD950029A409 /* AppDelegate.swift in Sources */ = {isa = PBXBuildFile; fileRef = A0705D60235BCD950029A409 /* AppDelegate.swift */; };
		A0705D63235BCD950029A409 /* SceneDelegate.swift in Sources */ = {isa = PBXBuildFile; fileRef = A0705D62235BCD950029A409 /* SceneDelegate.swift */; };
		A0705D65235BCD950029A409 /* ContentView.swift in Sources */ = {isa = PBXBuildFile; fileRef = A0705D64235BCD950029A409 /* ContentView.swift */; };
		A0705D67235BCD960029A409 /* Assets.xcassets in Resources */ = {isa = PBXBuildFile; fileRef = A0705D66235BCD960029A409 /* Assets.xcassets */; };
		A0705D6A235BCD960029A409 /* Preview Assets.xcassets in Resources */ = {isa = PBXBuildFile; fileRef = A0705D69235BCD960029A409 /* Preview Assets.xcassets */; };
		A0705D6D235BCD960029A409 /* LaunchScreen.storyboard in Resources */ = {isa = PBXBuildFile; fileRef = A0705D6B235BCD960029A409 /* LaunchScreen.storyboard */; };
		A0705D76235BD0290029A409 /* Pacifico-Regular.ttf in Resources */ = {isa = PBXBuildFile; fileRef = A0705D75235BD0290029A409 /* Pacifico-Regular.ttf */; };
		A0705D78235BD58E0029A409 /* InfoView.swift in Sources */ = {isa = PBXBuildFile; fileRef = A0705D77235BD58E0029A409 /* InfoView.swift */; };
/* End PBXBuildFile section */

/* Begin PBXFileReference section */
		A0705D5D235BCD950029A409 /* FelixCard.app */ = {isa = PBXFileReference; explicitFileType = wrapper.application; includeInIndex = 0; path = FelixCard.app; sourceTree = BUILT_PRODUCTS_DIR; };
		A0705D60235BCD950029A409 /* AppDelegate.swift */ = {isa = PBXFileReference; lastKnownFileType = sourcecode.swift; path = AppDelegate.swift; sourceTree = "<group>"; };
		A0705D62235BCD950029A409 /* SceneDelegate.swift */ = {isa = PBXFileReference; lastKnownFileType = sourcecode.swift; path = SceneDelegate.swift; sourceTree = "<group>"; };
		A0705D64235BCD950029A409 /* ContentView.swift */ = {isa = PBXFileReference; lastKnownFileType = sourcecode.swift; path = ContentView.swift; sourceTree = "<group>"; };
		A0705D66235BCD960029A409 /* Assets.xcassets */ = {isa = PBXFileReference; lastKnownFileType = folder.assetcatalog; path = Assets.xcassets; sourceTree = "<group>"; };
		A0705D69235BCD960029A409 /* Preview Assets.xcassets */ = {isa = PBXFileReference; lastKnownFileType = folder.assetcatalog; path = "Preview Assets.xcassets"; sourceTree = "<group>"; };
		A0705D6C235BCD960029A409 /* Base */ = {isa = PBXFileReference; lastKnownFileType = file.storyboard; name = Base; path = Base.lproj/LaunchScreen.storyboard; sourceTree = "<group>"; };
		A0705D6E235BCD960029A409 /* Info.plist */ = {isa = PBXFileReference; lastKnownFileType = text.plist.xml; path = Info.plist; sourceTree = "<group>"; };
		A0705D75235BD0290029A409 /* Pacifico-Regular.ttf */ = {isa = PBXFileReference; lastKnownFileType = file; path = "Pacifico-Regular.ttf"; sourceTree = "<group>"; };
		A0705D77235BD58E0029A409 /* InfoView.swift */ = {isa = PBXFileReference; lastKnownFileType = sourcecode.swift; path = InfoView.swift; sourceTree = "<group>"; };
/* End PBXFileReference section */

/* Begin PBXFrameworksBuildPhase section */
		A0705D5A235BCD950029A409 /* Frameworks */ = {
			isa = PBXFrameworksBuildPhase;
			buildActionMask = 2147483647;
			files = (
			);
			runOnlyForDeploymentPostprocessing = 0;
		};
/* End PBXFrameworksBuildPhase section */

/* Begin PBXGroup section */
		A0705D54235BCD950029A409 = {
			isa = PBXGroup;
			children = (
				A0705D5F235BCD950029A409 /* FelixCard */,
				A0705D5E235BCD950029A409 /* Products */,
			);
			sourceTree = "<group>";
		};
		A0705D5E235BCD950029A409 /* Products */ = {
			isa = PBXGroup;
			children = (
				A0705D5D235BCD950029A409 /* FelixCard.app */,
			);
			name = Products;
			sourceTree = "<group>";
		};
		A0705D5F235BCD950029A409 /* FelixCard */ = {
			isa = PBXGroup;
			children = (
				A0705D74235BD00F0029A409 /* fonts */,
				A0705D60235BCD950029A409 /* AppDelegate.swift */,
				A0705D62235BCD950029A409 /* SceneDelegate.swift */,
				A0705D64235BCD950029A409 /* ContentView.swift */,
				A0705D77235BD58E0029A409 /* InfoView.swift */,
				A0705D66235BCD960029A409 /* Assets.xcassets */,
				A0705D6B235BCD960029A409 /* LaunchScreen.storyboard */,
				A0705D6E235BCD960029A409 /* Info.plist */,
				A0705D68235BCD960029A409 /* Preview Content */,
			);
			path = FelixCard;
			sourceTree = "<group>";
		};
		A0705D68235BCD960029A409 /* Preview Content */ = {
			isa = PBXGroup;
			children = (
				A0705D69235BCD960029A409 /* Preview Assets.xcassets */,
			);
			path = "Preview Content";
			sourceTree = "<group>";
		};
		A0705D74235BD00F0029A409 /* fonts */ = {
			isa = PBXGroup;
			children = (
				A0705D75235BD0290029A409 /* Pacifico-Regular.ttf */,
			);
			path = fonts;
			sourceTree = "<group>";
		};
/* End PBXGroup section */

/* Begin PBXNativeTarget section */
		A0705D5C235BCD950029A409 /* FelixCard */ = {
			isa = PBXNativeTarget;
			buildConfigurationList = A0705D71235BCD960029A409 /* Build configuration list for PBXNativeTarget "FelixCard" */;
			buildPhases = (
				A0705D59235BCD950029A409 /* Sources */,
				A0705D5A235BCD950029A409 /* Frameworks */,
				A0705D5B235BCD950029A409 /* Resources */,
			);
			buildRules = (
			);
			dependencies = (
			);
			name = FelixCard;
			productName = FelixCard;
			productReference = A0705D5D235BCD950029A409 /* FelixCard.app */;
			productType = "com.apple.product-type.application";
		};
/* End PBXNativeTarget section */

/* Begin PBXProject section */
		A0705D55235BCD950029A409 /* Project object */ = {
			isa = PBXProject;
			attributes = {
				LastSwiftUpdateCheck = 1110;
				LastUpgradeCheck = 1110;
				ORGANIZATIONNAME = "Felix Lin";
				TargetAttributes = {
					A0705D5C235BCD950029A409 = {
						CreatedOnToolsVersion = 11.1;
					};
				};
			};
			buildConfigurationList = A0705D58235BCD950029A409 /* Build configuration list for PBXProject "FelixCard" */;
			compatibilityVersion = "Xcode 9.3";
			developmentRegion = en;
			hasScannedForEncodings = 0;
			knownRegions = (
				en,
				Base,
			);
			mainGroup = A0705D54235BCD950029A409;
			productRefGroup = A0705D5E235BCD950029A409 /* Products */;
			projectDirPath = "";
			projectRoot = "";
			targets = (
				A0705D5C235BCD950029A409 /* FelixCard */,
			);
		};
/* End PBXProject section */

/* Begin PBXResourcesBuildPhase section */
		A0705D5B235BCD950029A409 /* Resources */ = {
			isa = PBXResourcesBuildPhase;
			buildActionMask = 2147483647;
			files = (
				A0705D6D235BCD960029A409 /* LaunchScreen.storyboard in Resources */,
				A0705D76235BD0290029A409 /* Pacifico-Regular.ttf in Resources */,
				A0705D6A235BCD960029A409 /* Preview Assets.xcassets in Resources */,
				A0705D67235BCD960029A409 /* Assets.xcassets in Resources */,
			);
			runOnlyForDeploymentPostprocessing = 0;
		};
/* End PBXResourcesBuildPhase section */

/* Begin PBXSourcesBuildPhase section */
		A0705D59235BCD950029A409 /* Sources */ = {
			isa = PBXSourcesBuildPhase;
			buildActionMask = 2147483647;
			files = (
				A0705D78235BD58E0029A409 /* InfoView.swift in Sources */,
				A0705D61235BCD950029A409 /* AppDelegate.swift in Sources */,
				A0705D63235BCD950029A409 /* SceneDelegate.swift in Sources */,
				A0705D65235BCD950029A409 /* ContentView.swift in Sources */,
			);
			runOnlyForDeploymentPostprocessing = 0;
		};
/* End PBXSourcesBuildPhase section */

/* Begin PBXVariantGroup section */
		A0705D6B235BCD960029A409 /* LaunchScreen.storyboard */ = {
			isa = PBXVariantGroup;
			children = (
				A0705D6C235BCD960029A409 /* Base */,
			);
			name = LaunchScreen.storyboard;
			sourceTree = "<group>";
		};
/* End PBXVariantGroup section */

/* Begin XCBuildConfiguration section */
		A0705D6F235BCD960029A409 /* Debug */ = {
			isa = XCBuildConfiguration;
			buildSettings = {
				ALWAYS_SEARCH_USER_PATHS = NO;
				CLANG_ANALYZER_NONNULL = YES;
				CLANG_ANALYZER_NUMBER_OBJECT_CONVERSION = YES_AGGRESSIVE;
				CLANG_CXX_LANGUAGE_STANDARD = "gnu++14";
				CLANG_CXX_LIBRARY = "libc++";
				CLANG_ENABLE_MODULES = YES;
				CLANG_ENABLE_OBJC_ARC = YES;
				CLANG_ENABLE_OBJC_WEAK = YES;
				CLANG_WARN_BLOCK_CAPTURE_AUTORELEASING = YES;
				CLANG_WARN_BOOL_CONVERSION = YES;
				CLANG_WARN_COMMA = YES;
				CLANG_WARN_CONSTANT_CONVERSION = YES;
				CLANG_WARN_DEPRECATED_OBJC_IMPLEMENTATIONS = YES;
				CLANG_WARN_DIRECT_OBJC_ISA_USAGE = YES_ERROR;
				CLANG_WARN_DOCUMENTATION_COMMENTS = YES;
				CLANG_WARN_EMPTY_BODY = YES;
				CLANG_WARN_ENUM_CONVERSION = YES;
				CLANG_WARN_INFINITE_RECURSION = YES;
				CLANG_WARN_INT_CONVERSION = YES;
				CLANG_WARN_NON_LITERAL_NULL_CONVERSION = YES;
				CLANG_WARN_OBJC_IMPLICIT_RETAIN_SELF = YES;
				CLANG_WARN_OBJC_LITERAL_CONVERSION = YES;
				CLANG_WARN_OBJC_ROOT_CLASS = YES_ERROR;
				CLANG_WARN_RANGE_LOOP_ANALYSIS = YES;
				CLANG_WARN_STRICT_PROTOTYPES = YES;
				CLANG_WARN_SUSPICIOUS_MOVE = YES;
				CLANG_WARN_UNGUARDED_AVAILABILITY = YES_AGGRESSIVE;
				CLANG_WARN_UNREACHABLE_CODE = YES;
				CLANG_WARN__DUPLICATE_METHOD_MATCH = YES;
				COPY_PHASE_STRIP = NO;
				DEBUG_INFORMATION_FORMAT = dwarf;
				ENABLE_STRICT_OBJC_MSGSEND = YES;
				ENABLE_TESTABILITY = YES;
				GCC_C_LANGUAGE_STANDARD = gnu11;
				GCC_DYNAMIC_NO_PIC = NO;
				GCC_NO_COMMON_BLOCKS = YES;
				GCC_OPTIMIZATION_LEVEL = 0;
				GCC_PREPROCESSOR_DEFINITIONS = (
					"DEBUG=1",
					"$(inherited)",
				);
				GCC_WARN_64_TO_32_BIT_CONVERSION = YES;
				GCC_WARN_ABOUT_RETURN_TYPE = YES_ERROR;
				GCC_WARN_UNDECLARED_SELECTOR = YES;
				GCC_WARN_UNINITIALIZED_AUTOS = YES_AGGRESSIVE;
				GCC_WARN_UNUSED_FUNCTION = YES;
				GCC_WARN_UNUSED_VARIABLE = YES;
				IPHONEOS_DEPLOYMENT_TARGET = 13.1;
				MTL_ENABLE_DEBUG_INFO = INCLUDE_SOURCE;
				MTL_FAST_MATH = YES;
				ONLY_ACTIVE_ARCH = YES;
				SDKROOT = iphoneos;
				SWIFT_ACTIVE_COMPILATION_CONDITIONS = DEBUG;
				SWIFT_OPTIMIZATION_LEVEL = "-Onone";
			};
			name = Debug;
		};
		A0705D70235BCD960029A409 /* Release */ = {
			isa = XCBuildConfiguration;
			buildSettings = {
				ALWAYS_SEARCH_USER_PATHS = NO;
				CLANG_ANALYZER_NONNULL = YES;
				CLANG_ANALYZER_NUMBER_OBJECT_CONVERSION = YES_AGGRESSIVE;
				CLANG_CXX_LANGUAGE_STANDARD = "gnu++14";
				CLANG_CXX_LIBRARY = "libc++";
				CLANG_ENABLE_MODULES = YES;
				CLANG_ENABLE_OBJC_ARC = YES;
				CLANG_ENABLE_OBJC_WEAK = YES;
				CLANG_WARN_BLOCK_CAPTURE_AUTORELEASING = YES;
				CLANG_WARN_BOOL_CONVERSION = YES;
				CLANG_WARN_COMMA = YES;
				CLANG_WARN_CONSTANT_CONVERSION = YES;
				CLANG_WARN_DEPRECATED_OBJC_IMPLEMENTATIONS = YES;
				CLANG_WARN_DIRECT_OBJC_ISA_USAGE = YES_ERROR;
				CLANG_WARN_DOCUMENTATION_COMMENTS = YES;
				CLANG_WARN_EMPTY_BODY = YES;
				CLANG_WARN_ENUM_CONVERSION = YES;
				CLANG_WARN_INFINITE_RECURSION = YES;
				CLANG_WARN_INT_CONVERSION = YES;
				CLANG_WARN_NON_LITERAL_NULL_CONVERSION = YES;
				CLANG_WARN_OBJC_IMPLICIT_RETAIN_SELF = YES;
				CLANG_WARN_OBJC_LITERAL_CONVERSION = YES;
				CLANG_WARN_OBJC_ROOT_CLASS = YES_ERROR;
				CLANG_WARN_RANGE_LOOP_ANALYSIS = YES;
				CLANG_WARN_STRICT_PROTOTYPES = YES;
				CLANG_WARN_SUSPICIOUS_MOVE = YES;
				CLANG_WARN_UNGUARDED_AVAILABILITY = YES_AGGRESSIVE;
				CLANG_WARN_UNREACHABLE_CODE = YES;
				CLANG_WARN__DUPLICATE_METHOD_MATCH = YES;
				COPY_PHASE_STRIP = NO;
				DEBUG_INFORMATION_FORMAT = "dwarf-with-dsym";
				ENABLE_NS_ASSERTIONS = NO;
				ENABLE_STRICT_OBJC_MSGSEND = YES;
				GCC_C_LANGUAGE_STANDARD = gnu11;
				GCC_NO_COMMON_BLOCKS = YES;
				GCC_WARN_64_TO_32_BIT_CONVERSION = YES;
				GCC_WARN_ABOUT_RETURN_TYPE = YES_ERROR;
				GCC_WARN_UNDECLARED_SELECTOR = YES;
				GCC_WARN_UNINITIALIZED_AUTOS = YES_AGGRESSIVE;
				GCC_WARN_UNUSED_FUNCTION = YES;
				GCC_WARN_UNUSED_VARIABLE = YES;
				IPHONEOS_DEPLOYMENT_TARGET = 13.1;
				MTL_ENABLE_DEBUG_INFO = NO;
				MTL_FAST_MATH = YES;
				SDKROOT = iphoneos;
				SWIFT_COMPILATION_MODE = wholemodule;
				SWIFT_OPTIMIZATION_LEVEL = "-O";
				VALIDATE_PRODUCT = YES;
			};
			name = Release;
		};
		A0705D72235BCD960029A409 /* Debug */ = {
			isa = XCBuildConfiguration;
			buildSettings = {
				ASSETCATALOG_COMPILER_APPICON_NAME = AppIcon;
				CODE_SIGN_STYLE = Automatic;
				DEVELOPMENT_ASSET_PATHS = "\"FelixCard/Preview Content\"";
				DEVELOPMENT_TEAM = MVGPSPVTNC;
				ENABLE_PREVIEWS = YES;
				INFOPLIST_FILE = FelixCard/Info.plist;
				LD_RUNPATH_SEARCH_PATHS = (
					"$(inherited)",
					"@executable_path/Frameworks",
				);
				PRODUCT_BUNDLE_IDENTIFIER = com.felix.FelixCard;
				PRODUCT_NAME = "$(TARGET_NAME)";
				SWIFT_VERSION = 5.0;
				TARGETED_DEVICE_FAMILY = "1,2";
			};
			name = Debug;
		};
		A0705D73235BCD960029A409 /* Release */ = {
			isa = XCBuildConfiguration;
			buildSettings = {
				ASSETCATALOG_COMPILER_APPICON_NAME = AppIcon;
				CODE_SIGN_STYLE = Automatic;
				DEVELOPMENT_ASSET_PATHS = "\"FelixCard/Preview Content\"";
				DEVELOPMENT_TEAM = MVGPSPVTNC;
				ENABLE_PREVIEWS = YES;
				INFOPLIST_FILE = FelixCard/Info.plist;
				LD_RUNPATH_SEARCH_PATHS = (
					"$(inherited)",
					"@executable_path/Frameworks",
				);
				PRODUCT_BUNDLE_IDENTIFIER = com.felix.FelixCard;
				PRODUCT_NAME = "$(TARGET_NAME)";
				SWIFT_VERSION = 5.0;
				TARGETED_DEVICE_FAMILY = "1,2";
			};
			name = Release;
		};
/* End XCBuildConfiguration section */

/* Begin XCConfigurationList section */
		A0705D58235BCD950029A409 /* Build configuration list for PBXProject "FelixCard" */ = {
			isa = XCConfigurationList;
			buildConfigurations = (
				A0705D6F235BCD960029A409 /* Debug */,
				A0705D70235BCD960029A409 /* Release */,
			);
			defaultConfigurationIsVisible = 0;
			defaultConfigurationName = Release;
		};
		A0705D71235BCD960029A409 /* Build configuration list for PBXNativeTarget "FelixCard" */ = {
			isa = XCConfigurationList;
			buildConfigurations = (
				A0705D72235BCD960029A409 /* Debug */,
				A0705D73235BCD960029A409 /* Release */,
			);
			defaultConfigurationIsVisible = 0;
			defaultConfigurationName = Release;
		};
/* End XCConfigurationList section */
	};
	rootObject = A0705D55235BCD950029A409 /* Project object */;
}
