// !$*UTF8*$!
{
	archiveVersion = 1;
	classes = {
	};
	objectVersion = 50;
	objects = {

/* Begin PBXBuildFile section */
		A07F0BFB2338ABB0001ACFE0 /* AppDelegate.swift in Sources */ = {isa = PBXBuildFile; fileRef = A07F0BFA2338ABB0001ACFE0 /* AppDelegate.swift */; };
		A07F0BFD2338ABB0001ACFE0 /* ContentView.swift in Sources */ = {isa = PBXBuildFile; fileRef = A07F0BFC2338ABB0001ACFE0 /* ContentView.swift */; };
		A07F0C002338ABB0001ACFE0 /* DadJokesRealisies.xcdatamodeld in Sources */ = {isa = PBXBuildFile; fileRef = A07F0BFE2338ABB0001ACFE0 /* DadJokesRealisies.xcdatamodeld */; };
		A07F0C022338ABB0001ACFE0 /* Assets.xcassets in Resources */ = {isa = PBXBuildFile; fileRef = A07F0C012338ABB0001ACFE0 /* Assets.xcassets */; };
		A07F0C052338ABB0001ACFE0 /* Preview Assets.xcassets in Resources */ = {isa = PBXBuildFile; fileRef = A07F0C042338ABB0001ACFE0 /* Preview Assets.xcassets */; };
		A07F0C082338ABB0001ACFE0 /* Main.storyboard in Resources */ = {isa = PBXBuildFile; fileRef = A07F0C062338ABB0001ACFE0 /* Main.storyboard */; };
		A07F0C122338ABE7001ACFE0 /* Joke+CoreDataClass.swift in Sources */ = {isa = PBXBuildFile; fileRef = A07F0C102338ABE7001ACFE0 /* Joke+CoreDataClass.swift */; };
		A07F0C132338ABE7001ACFE0 /* Joke+CoreDataProperties.swift in Sources */ = {isa = PBXBuildFile; fileRef = A07F0C112338ABE7001ACFE0 /* Joke+CoreDataProperties.swift */; };
/* End PBXBuildFile section */

/* Begin PBXFileReference section */
		A07F0BF72338ABB0001ACFE0 /* DadJokesRealisies.app */ = {isa = PBXFileReference; explicitFileType = wrapper.application; includeInIndex = 0; path = DadJokesRealisies.app; sourceTree = BUILT_PRODUCTS_DIR; };
		A07F0BFA2338ABB0001ACFE0 /* AppDelegate.swift */ = {isa = PBXFileReference; lastKnownFileType = sourcecode.swift; path = AppDelegate.swift; sourceTree = "<group>"; };
		A07F0BFC2338ABB0001ACFE0 /* ContentView.swift */ = {isa = PBXFileReference; lastKnownFileType = sourcecode.swift; path = ContentView.swift; sourceTree = "<group>"; };
		A07F0BFF2338ABB0001ACFE0 /* DadJokesRealisies.xcdatamodel */ = {isa = PBXFileReference; lastKnownFileType = wrapper.xcdatamodel; path = DadJokesRealisies.xcdatamodel; sourceTree = "<group>"; };
		A07F0C012338ABB0001ACFE0 /* Assets.xcassets */ = {isa = PBXFileReference; lastKnownFileType = folder.assetcatalog; path = Assets.xcassets; sourceTree = "<group>"; };
		A07F0C042338ABB0001ACFE0 /* Preview Assets.xcassets */ = {isa = PBXFileReference; lastKnownFileType = folder.assetcatalog; path = "Preview Assets.xcassets"; sourceTree = "<group>"; };
		A07F0C072338ABB0001ACFE0 /* Base */ = {isa = PBXFileReference; lastKnownFileType = file.storyboard; name = Base; path = Base.lproj/Main.storyboard; sourceTree = "<group>"; };
		A07F0C092338ABB0001ACFE0 /* Info.plist */ = {isa = PBXFileReference; lastKnownFileType = text.plist.xml; path = Info.plist; sourceTree = "<group>"; };
		A07F0C0A2338ABB0001ACFE0 /* DadJokesRealisies.entitlements */ = {isa = PBXFileReference; lastKnownFileType = text.plist.entitlements; path = DadJokesRealisies.entitlements; sourceTree = "<group>"; };
		A07F0C102338ABE7001ACFE0 /* Joke+CoreDataClass.swift */ = {isa = PBXFileReference; lastKnownFileType = sourcecode.swift; path = "Joke+CoreDataClass.swift"; sourceTree = "<group>"; };
		A07F0C112338ABE7001ACFE0 /* Joke+CoreDataProperties.swift */ = {isa = PBXFileReference; lastKnownFileType = sourcecode.swift; path = "Joke+CoreDataProperties.swift"; sourceTree = "<group>"; };
/* End PBXFileReference section */

/* Begin PBXFrameworksBuildPhase section */
		A07F0BF42338ABB0001ACFE0 /* Frameworks */ = {
			isa = PBXFrameworksBuildPhase;
			buildActionMask = 2147483647;
			files = (
			);
			runOnlyForDeploymentPostprocessing = 0;
		};
/* End PBXFrameworksBuildPhase section */

/* Begin PBXGroup section */
		A07F0BEE2338ABB0001ACFE0 = {
			isa = PBXGroup;
			children = (
				A07F0BF92338ABB0001ACFE0 /* DadJokesRealisies */,
				A07F0BF82338ABB0001ACFE0 /* Products */,
			);
			sourceTree = "<group>";
		};
		A07F0BF82338ABB0001ACFE0 /* Products */ = {
			isa = PBXGroup;
			children = (
				A07F0BF72338ABB0001ACFE0 /* DadJokesRealisies.app */,
			);
			name = Products;
			sourceTree = "<group>";
		};
		A07F0BF92338ABB0001ACFE0 /* DadJokesRealisies */ = {
			isa = PBXGroup;
			children = (
				A07F0C102338ABE7001ACFE0 /* Joke+CoreDataClass.swift */,
				A07F0C112338ABE7001ACFE0 /* Joke+CoreDataProperties.swift */,
				A07F0BFA2338ABB0001ACFE0 /* AppDelegate.swift */,
				A07F0BFC2338ABB0001ACFE0 /* ContentView.swift */,
				A07F0C012338ABB0001ACFE0 /* Assets.xcassets */,
				A07F0C062338ABB0001ACFE0 /* Main.storyboard */,
				A07F0C092338ABB0001ACFE0 /* Info.plist */,
				A07F0C0A2338ABB0001ACFE0 /* DadJokesRealisies.entitlements */,
				A07F0BFE2338ABB0001ACFE0 /* DadJokesRealisies.xcdatamodeld */,
				A07F0C032338ABB0001ACFE0 /* Preview Content */,
			);
			path = DadJokesRealisies;
			sourceTree = "<group>";
		};
		A07F0C032338ABB0001ACFE0 /* Preview Content */ = {
			isa = PBXGroup;
			children = (
				A07F0C042338ABB0001ACFE0 /* Preview Assets.xcassets */,
			);
			path = "Preview Content";
			sourceTree = "<group>";
		};
/* End PBXGroup section */

/* Begin PBXNativeTarget section */
		A07F0BF62338ABB0001ACFE0 /* DadJokesRealisies */ = {
			isa = PBXNativeTarget;
			buildConfigurationList = A07F0C0D2338ABB0001ACFE0 /* Build configuration list for PBXNativeTarget "DadJokesRealisies" */;
			buildPhases = (
				A07F0BF32338ABB0001ACFE0 /* Sources */,
				A07F0BF42338ABB0001ACFE0 /* Frameworks */,
				A07F0BF52338ABB0001ACFE0 /* Resources */,
			);
			buildRules = (
			);
			dependencies = (
			);
			name = DadJokesRealisies;
			productName = DadJokesRealisies;
			productReference = A07F0BF72338ABB0001ACFE0 /* DadJokesRealisies.app */;
			productType = "com.apple.product-type.application";
		};
/* End PBXNativeTarget section */

/* Begin PBXProject section */
		A07F0BEF2338ABB0001ACFE0 /* Project object */ = {
			isa = PBXProject;
			attributes = {
				LastSwiftUpdateCheck = 1100;
				LastUpgradeCheck = 1100;
				ORGANIZATIONNAME = "Felix Lin";
				TargetAttributes = {
					A07F0BF62338ABB0001ACFE0 = {
						CreatedOnToolsVersion = 11.0;
					};
				};
			};
			buildConfigurationList = A07F0BF22338ABB0001ACFE0 /* Build configuration list for PBXProject "DadJokesRealisies" */;
			compatibilityVersion = "Xcode 9.3";
			developmentRegion = en;
			hasScannedForEncodings = 0;
			knownRegions = (
				en,
				Base,
			);
			mainGroup = A07F0BEE2338ABB0001ACFE0;
			productRefGroup = A07F0BF82338ABB0001ACFE0 /* Products */;
			projectDirPath = "";
			projectRoot = "";
			targets = (
				A07F0BF62338ABB0001ACFE0 /* DadJokesRealisies */,
			);
		};
/* End PBXProject section */

/* Begin PBXResourcesBuildPhase section */
		A07F0BF52338ABB0001ACFE0 /* Resources */ = {
			isa = PBXResourcesBuildPhase;
			buildActionMask = 2147483647;
			files = (
				A07F0C082338ABB0001ACFE0 /* Main.storyboard in Resources */,
				A07F0C052338ABB0001ACFE0 /* Preview Assets.xcassets in Resources */,
				A07F0C022338ABB0001ACFE0 /* Assets.xcassets in Resources */,
			);
			runOnlyForDeploymentPostprocessing = 0;
		};
/* End PBXResourcesBuildPhase section */

/* Begin PBXSourcesBuildPhase section */
		A07F0BF32338ABB0001ACFE0 /* Sources */ = {
			isa = PBXSourcesBuildPhase;
			buildActionMask = 2147483647;
			files = (
				A07F0C122338ABE7001ACFE0 /* Joke+CoreDataClass.swift in Sources */,
				A07F0C132338ABE7001ACFE0 /* Joke+CoreDataProperties.swift in Sources */,
				A07F0BFD2338ABB0001ACFE0 /* ContentView.swift in Sources */,
				A07F0C002338ABB0001ACFE0 /* DadJokesRealisies.xcdatamodeld in Sources */,
				A07F0BFB2338ABB0001ACFE0 /* AppDelegate.swift in Sources */,
			);
			runOnlyForDeploymentPostprocessing = 0;
		};
/* End PBXSourcesBuildPhase section */

/* Begin PBXVariantGroup section */
		A07F0C062338ABB0001ACFE0 /* Main.storyboard */ = {
			isa = PBXVariantGroup;
			children = (
				A07F0C072338ABB0001ACFE0 /* Base */,
			);
			name = Main.storyboard;
			sourceTree = "<group>";
		};
/* End PBXVariantGroup section */

/* Begin XCBuildConfiguration section */
		A07F0C0B2338ABB0001ACFE0 /* Debug */ = {
			isa = XCBuildConfiguration;
			buildSettings = {
				ALWAYS_SEARCH_USER_PATHS = NO;
				CLANG_ANALYZER_NONNULL = YES;
				CLANG_ANALYZER_NUMBER_OBJECT_CONVERSION = YES_AGGRESSIVE;
				CLANG_CXX_LANGUAGE_STANDARD = "gnu++14";
				CLANG_CXX_LIBRARY = "libc++";
				CLANG_ENABLE_MODULES = YES;
				CLANG_ENABLE_OBJC_ARC = YES;
				CLANG_ENABLE_OBJC_WEAK = YES;
				CLANG_WARN_BLOCK_CAPTURE_AUTORELEASING = YES;
				CLANG_WARN_BOOL_CONVERSION = YES;
				CLANG_WARN_COMMA = YES;
				CLANG_WARN_CONSTANT_CONVERSION = YES;
				CLANG_WARN_DEPRECATED_OBJC_IMPLEMENTATIONS = YES;
				CLANG_WARN_DIRECT_OBJC_ISA_USAGE = YES_ERROR;
				CLANG_WARN_DOCUMENTATION_COMMENTS = YES;
				CLANG_WARN_EMPTY_BODY = YES;
				CLANG_WARN_ENUM_CONVERSION = YES;
				CLANG_WARN_INFINITE_RECURSION = YES;
				CLANG_WARN_INT_CONVERSION = YES;
				CLANG_WARN_NON_LITERAL_NULL_CONVERSION = YES;
				CLANG_WARN_OBJC_IMPLICIT_RETAIN_SELF = YES;
				CLANG_WARN_OBJC_LITERAL_CONVERSION = YES;
				CLANG_WARN_OBJC_ROOT_CLASS = YES_ERROR;
				CLANG_WARN_RANGE_LOOP_ANALYSIS = YES;
				CLANG_WARN_STRICT_PROTOTYPES = YES;
				CLANG_WARN_SUSPICIOUS_MOVE = YES;
				CLANG_WARN_UNGUARDED_AVAILABILITY = YES_AGGRESSIVE;
				CLANG_WARN_UNREACHABLE_CODE = YES;
				CLANG_WARN__DUPLICATE_METHOD_MATCH = YES;
				COPY_PHASE_STRIP = NO;
				DEBUG_INFORMATION_FORMAT = dwarf;
				ENABLE_STRICT_OBJC_MSGSEND = YES;
				ENABLE_TESTABILITY = YES;
				GCC_C_LANGUAGE_STANDARD = gnu11;
				GCC_DYNAMIC_NO_PIC = NO;
				GCC_NO_COMMON_BLOCKS = YES;
				GCC_OPTIMIZATION_LEVEL = 0;
				GCC_PREPROCESSOR_DEFINITIONS = (
					"DEBUG=1",
					"$(inherited)",
				);
				GCC_WARN_64_TO_32_BIT_CONVERSION = YES;
				GCC_WARN_ABOUT_RETURN_TYPE = YES_ERROR;
				GCC_WARN_UNDECLARED_SELECTOR = YES;
				GCC_WARN_UNINITIALIZED_AUTOS = YES_AGGRESSIVE;
				GCC_WARN_UNUSED_FUNCTION = YES;
				GCC_WARN_UNUSED_VARIABLE = YES;
				MACOSX_DEPLOYMENT_TARGET = 10.14;
				MTL_ENABLE_DEBUG_INFO = INCLUDE_SOURCE;
				MTL_FAST_MATH = YES;
				ONLY_ACTIVE_ARCH = YES;
				SDKROOT = macosx;
				SWIFT_ACTIVE_COMPILATION_CONDITIONS = DEBUG;
				SWIFT_OPTIMIZATION_LEVEL = "-Onone";
			};
			name = Debug;
		};
		A07F0C0C2338ABB0001ACFE0 /* Release */ = {
			isa = XCBuildConfiguration;
			buildSettings = {
				ALWAYS_SEARCH_USER_PATHS = NO;
				CLANG_ANALYZER_NONNULL = YES;
				CLANG_ANALYZER_NUMBER_OBJECT_CONVERSION = YES_AGGRESSIVE;
				CLANG_CXX_LANGUAGE_STANDARD = "gnu++14";
				CLANG_CXX_LIBRARY = "libc++";
				CLANG_ENABLE_MODULES = YES;
				CLANG_ENABLE_OBJC_ARC = YES;
				CLANG_ENABLE_OBJC_WEAK = YES;
				CLANG_WARN_BLOCK_CAPTURE_AUTORELEASING = YES;
				CLANG_WARN_BOOL_CONVERSION = YES;
				CLANG_WARN_COMMA = YES;
				CLANG_WARN_CONSTANT_CONVERSION = YES;
				CLANG_WARN_DEPRECATED_OBJC_IMPLEMENTATIONS = YES;
				CLANG_WARN_DIRECT_OBJC_ISA_USAGE = YES_ERROR;
				CLANG_WARN_DOCUMENTATION_COMMENTS = YES;
				CLANG_WARN_EMPTY_BODY = YES;
				CLANG_WARN_ENUM_CONVERSION = YES;
				CLANG_WARN_INFINITE_RECURSION = YES;
				CLANG_WARN_INT_CONVERSION = YES;
				CLANG_WARN_NON_LITERAL_NULL_CONVERSION = YES;
				CLANG_WARN_OBJC_IMPLICIT_RETAIN_SELF = YES;
				CLANG_WARN_OBJC_LITERAL_CONVERSION = YES;
				CLANG_WARN_OBJC_ROOT_CLASS = YES_ERROR;
				CLANG_WARN_RANGE_LOOP_ANALYSIS = YES;
				CLANG_WARN_STRICT_PROTOTYPES = YES;
				CLANG_WARN_SUSPICIOUS_MOVE = YES;
				CLANG_WARN_UNGUARDED_AVAILABILITY = YES_AGGRESSIVE;
				CLANG_WARN_UNREACHABLE_CODE = YES;
				CLANG_WARN__DUPLICATE_METHOD_MATCH = YES;
				COPY_PHASE_STRIP = NO;
				DEBUG_INFORMATION_FORMAT = "dwarf-with-dsym";
				ENABLE_NS_ASSERTIONS = NO;
				ENABLE_STRICT_OBJC_MSGSEND = YES;
				GCC_C_LANGUAGE_STANDARD = gnu11;
				GCC_NO_COMMON_BLOCKS = YES;
				GCC_WARN_64_TO_32_BIT_CONVERSION = YES;
				GCC_WARN_ABOUT_RETURN_TYPE = YES_ERROR;
				GCC_WARN_UNDECLARED_SELECTOR = YES;
				GCC_WARN_UNINITIALIZED_AUTOS = YES_AGGRESSIVE;
				GCC_WARN_UNUSED_FUNCTION = YES;
				GCC_WARN_UNUSED_VARIABLE = YES;
				MACOSX_DEPLOYMENT_TARGET = 10.14;
				MTL_ENABLE_DEBUG_INFO = NO;
				MTL_FAST_MATH = YES;
				SDKROOT = macosx;
				SWIFT_COMPILATION_MODE = wholemodule;
				SWIFT_OPTIMIZATION_LEVEL = "-O";
			};
			name = Release;
		};
		A07F0C0E2338ABB0001ACFE0 /* Debug */ = {
			isa = XCBuildConfiguration;
			buildSettings = {
				ASSETCATALOG_COMPILER_APPICON_NAME = AppIcon;
				CODE_SIGN_ENTITLEMENTS = DadJokesRealisies/DadJokesRealisies.entitlements;
				CODE_SIGN_STYLE = Automatic;
				COMBINE_HIDPI_IMAGES = YES;
				DEVELOPMENT_ASSET_PATHS = "\"DadJokesRealisies/Preview Content\"";
				DEVELOPMENT_TEAM = MVGPSPVTNC;
				ENABLE_HARDENED_RUNTIME = YES;
				ENABLE_PREVIEWS = YES;
				INFOPLIST_FILE = DadJokesRealisies/Info.plist;
				LD_RUNPATH_SEARCH_PATHS = (
					"$(inherited)",
					"@executable_path/../Frameworks",
				);
				MACOSX_DEPLOYMENT_TARGET = 10.15;
				PRODUCT_BUNDLE_IDENTIFIER = com.felix.DadJokesRealisies;
				PRODUCT_NAME = "$(TARGET_NAME)";
				SWIFT_VERSION = 5.0;
			};
			name = Debug;
		};
		A07F0C0F2338ABB0001ACFE0 /* Release */ = {
			isa = XCBuildConfiguration;
			buildSettings = {
				ASSETCATALOG_COMPILER_APPICON_NAME = AppIcon;
				CODE_SIGN_ENTITLEMENTS = DadJokesRealisies/DadJokesRealisies.entitlements;
				CODE_SIGN_STYLE = Automatic;
				COMBINE_HIDPI_IMAGES = YES;
				DEVELOPMENT_ASSET_PATHS = "\"DadJokesRealisies/Preview Content\"";
				DEVELOPMENT_TEAM = MVGPSPVTNC;
				ENABLE_HARDENED_RUNTIME = YES;
				ENABLE_PREVIEWS = YES;
				INFOPLIST_FILE = DadJokesRealisies/Info.plist;
				LD_RUNPATH_SEARCH_PATHS = (
					"$(inherited)",
					"@executable_path/../Frameworks",
				);
				MACOSX_DEPLOYMENT_TARGET = 10.15;
				PRODUCT_BUNDLE_IDENTIFIER = com.felix.DadJokesRealisies;
				PRODUCT_NAME = "$(TARGET_NAME)";
				SWIFT_VERSION = 5.0;
			};
			name = Release;
		};
/* End XCBuildConfiguration section */

/* Begin XCConfigurationList section */
		A07F0BF22338ABB0001ACFE0 /* Build configuration list for PBXProject "DadJokesRealisies" */ = {
			isa = XCConfigurationList;
			buildConfigurations = (
				A07F0C0B2338ABB0001ACFE0 /* Debug */,
				A07F0C0C2338ABB0001ACFE0 /* Release */,
			);
			defaultConfigurationIsVisible = 0;
			defaultConfigurationName = Release;
		};
		A07F0C0D2338ABB0001ACFE0 /* Build configuration list for PBXNativeTarget "DadJokesRealisies" */ = {
			isa = XCConfigurationList;
			buildConfigurations = (
				A07F0C0E2338ABB0001ACFE0 /* Debug */,
				A07F0C0F2338ABB0001ACFE0 /* Release */,
			);
			defaultConfigurationIsVisible = 0;
			defaultConfigurationName = Release;
		};
/* End XCConfigurationList section */

/* Begin XCVersionGroup section */
		A07F0BFE2338ABB0001ACFE0 /* DadJokesRealisies.xcdatamodeld */ = {
			isa = XCVersionGroup;
			children = (
				A07F0BFF2338ABB0001ACFE0 /* DadJokesRealisies.xcdatamodel */,
			);
			currentVersion = A07F0BFF2338ABB0001ACFE0 /* DadJokesRealisies.xcdatamodel */;
			path = DadJokesRealisies.xcdatamodeld;
			sourceTree = "<group>";
			versionGroupType = wrapper.xcdatamodel;
		};
/* End XCVersionGroup section */
	};
	rootObject = A07F0BEF2338ABB0001ACFE0 /* Project object */;
}
